
Microsoft Visual Studio Solution File, Format Version 12.00
# Visual Studio Version 17
VisualStudioVersion = 17.10.35013.160
MinimumVisualStudioVersion = 10.0.40219.1
Project("{FAE04EC0-301F-11D3-BF4B-00C04F79EFBC}") = "the_note_taking_app", "the_note_taking_app.csproj", "{D94DE631-F8BB-4461-9036-08D042BDB6FD}"
EndProject
Global
	GlobalSection(SolutionConfigurationPlatforms) = preSolution
		Debug|Any CPU = Debug|Any CPU
		Release|Any CPU = Release|Any CPU
	EndGlobalSection
	GlobalSection(ProjectConfigurationPlatforms) = postSolution
		{D94DE631-F8BB-4461-9036-08D042BDB6FD}.Debug|Any CPU.ActiveCfg = Debug|Any CPU
		{D94DE631-F8BB-4461-9036-08D042BDB6FD}.Debug|Any CPU.Build.0 = Debug|Any CPU
		{D94DE631-F8BB-4461-9036-08D042BDB6FD}.Release|Any CPU.ActiveCfg = Release|Any CPU
		{D94DE631-F8BB-4461-9036-08D042BDB6FD}.Release|Any CPU.Build.0 = Release|Any CPU
	EndGlobalSection
	GlobalSection(SolutionProperties) = preSolution
		HideSolutionNode = FALSE
	EndGlobalSection
	GlobalSection(ExtensibilityGlobals) = postSolution
		SolutionGuid = {5EE9F183-74B1-4E75-8A07-F288D7403061}
	EndGlobalSection
EndGlobal
